PODS:
  - DistanceGetter (0.2)

DEPENDENCIES:
  - DistanceGetter (~> 0.1)

SPEC REPOS:
  https://github.com/cocoapods/specs.git:
    - DistanceGetter

SPEC CHECKSUMS:
  DistanceGetter: 868fa28725dd4e7bfaa0ed650abba4f825395f3f

PODFILE CHECKSUM: 59c15bb78c0a3369705995844e2d23783e05e6e6

COCOAPODS: 1.5.3
